github.com/hellonico/jquants-api-go v0.1.0 h1:v8SRehIQp+hWSJmMzvXkBDpHk6fAxTXTjABaRLBVo/c=
github.com/hellonico/jquants-api-go v0.1.0/go.mod h1:/MTJsXmMNaNbzzwZtvC1G4PdNHZfSOxGzPRnVe1Sqro=
github.com/hellonico/jquants-api-go v0.2.0 h1:NaMHKD2172QRDOXEx/v9gYUIwNkQGG7Pcu8voHAC5Cg=
github.com/hellonico/jquants-api-go v0.2.0/go.mod h1:wonKmzGR7pmys/i3BrY7+OyXC01N/rXgvSeZGoSpWKA=
